
Microsoft Visual Studio Solution File, Format Version 12.00
# Visual Studio Version 17
VisualStudioVersion = 17.14.37012.4 d17.14
MinimumVisualStudioVersion = 10.0.40219.1
Project("{FAE04EC0-301F-11D3-BF4B-00C04F79EFBC}") = "Alarm2v", "Alarm2v.csproj", "{B966C3D8-9E5E-4A25-A4FA-6691796EC923}"
EndProject
Global
	GlobalSection(SolutionConfigurationPlatforms) = preSolution
		Debug|Any CPU = Debug|Any CPU
		Release|Any CPU = Release|Any CPU
	EndGlobalSection
	GlobalSection(ProjectConfigurationPlatforms) = postSolution
		{B966C3D8-9E5E-4A25-A4FA-6691796EC923}.Debug|Any CPU.ActiveCfg = Debug|Any CPU
		{B966C3D8-9E5E-4A25-A4FA-6691796EC923}.Debug|Any CPU.Build.0 = Debug|Any CPU
		{B966C3D8-9E5E-4A25-A4FA-6691796EC923}.Release|Any CPU.ActiveCfg = Release|Any CPU
		{B966C3D8-9E5E-4A25-A4FA-6691796EC923}.Release|Any CPU.Build.0 = Release|Any CPU
	EndGlobalSection
	GlobalSection(SolutionProperties) = preSolution
		HideSolutionNode = FALSE
	EndGlobalSection
	GlobalSection(ExtensibilityGlobals) = postSolution
		SolutionGuid = {21ACDF22-DC2B-416D-BFFF-7CA8A998C605}
	EndGlobalSection
EndGlobal
